{
  "name": "lambdas",
  "version": "1.0.0",
  "lockfileVersion": 1,
  "requires": true,
  "dependencies": {
    "async": {
      "version": "1.5.2",
      "resolved": "https://registry.npmjs.org/async/-/async-1.5.2.tgz",
      "integrity": "sha1-7GphrlZIDAw8skHJVhjiCJL5Zyo="
    },
    "jszip": {
      "version": "2.6.1",
      "resolved": "https://registry.npmjs.org/jszip/-/jszip-2.6.1.tgz",
      "integrity": "sha1-uI86ey5noqBIFSmCx6N1bZxIKPA=",
      "requires": {
        "pako": "~1.0.2"
      }
    },
    "pako": {
      "version": "1.0.10",
      "resolved": "https://registry.npmjs.org/pako/-/pako-1.0.10.tgz",
      "integrity": "sha512-0DTvPVU3ed8+HNXOu5Bs+o//Mbdj9VNQMUOe9oKCwh8l0GNwpTDMKCWbRjgtD291AWnkAgkqA/LOnQS8AmS1tw=="
    },
    "zip-dir": {
      "version": "1.0.2",
      "resolved": "https://registry.npmjs.org/zip-dir/-/zip-dir-1.0.2.tgz",
      "integrity": "sha1-JT+QeurWKiGs2HIdi4gDKyQRwFE=",
      "requires": {
        "async": "^1.5.2",
        "jszip": "^2.4.0"
      }
    }
  }
}
